{
  "originHash" : "e22a869a8b0dd74b49b64b65c744c7cd32b91cdd89ef96b8053f7189bff1a789",
  "pins" : [
    {
      "identity" : "kingfisher",
      "kind" : "remoteSourceControl",
      "location" : "https://github.com/onevcat/Kingfisher",
      "state" : {
        "revision" : "3db26ab625d194c38e68c1a40e43d1bc12743fe0",
        "version" : "8.2.0"
      }
    }
  ],
  "version" : 3
}
